<?xml version="1.0" encoding="utf-8"?>
<Project ToolsVersion="4.0" xmlns="http://schemas.microsoft.com/developer/msbuild/2003">
  <ItemGroup>
    <Text Include="ReadMe.txt" />
  </ItemGroup>
  <ItemGroup>
    <ClCompile Include="Engemu.cpp" />
    <ClCompile Include="CPU\Decoder\Decoder_ARM.cpp" />
    <ClCompile Include="CPU\Decoder\Decoder_Thumb.cpp" />
    <ClCompile Include="CPU\CPU.cpp" />
    <ClCompile Include="Loader\E32ImageLoader.cpp" />
    <ClCompile Include="Loader\TRomImageLoader.cpp" />
    <ClCompile Include="Loader\Utils.cpp" />
    <ClCompile Include="CPU\Disassembler\Disassembler_ARM.cpp" />
    <ClCompile Include="CPU\Disassembler\Disassembler_Thumb.cpp" />
    <ClCompile Include="CPU\CPU_Thumb.cpp" />
    <ClCompile Include="CPU\CPU_ARM.cpp" />
    <ClCompile Include="imgui\imgui.cpp" />
    <ClCompile Include="imgui\imgui_demo.cpp" />
    <ClCompile Include="imgui\imgui_draw.cpp" />
    <ClCompile Include="imgui\imgui_impl_glfw_gl3.cpp" />
    <ClCompile Include="deps\gl3w.c" />
    <ClCompile Include="Gui\Gui.cpp" />
    <ClCompile Include="Gui\GuiMain.cpp" />
    <ClCompile Include="HLE\Kernel.cpp" />
  </ItemGroup>
  <ItemGroup>
    <ClInclude Include="CPU\Decoder\Decoder.h" />
    <ClInclude Include="CPU\Decoder\IR.h" />
    <ClInclude Include="CPU\Disassembler\Disassembler.h" />
    <ClInclude Include="CPU\CPU.h" />
    <ClInclude Include="CPU\Memory.h" />
    <ClInclude Include="CPU\Utils.h" />
    <ClInclude Include="Common.h" />
    <ClInclude Include="Loader\E32ImageLoader.h" />
    <ClInclude Include="Loader\TRomImageLoader.h" />
    <ClInclude Include="E32Image.h" />
    <ClInclude Include="E32Std.h" />
    <ClInclude Include="TRomImage.h" />
    <ClInclude Include="Loader\Utils.h" />
    <ClInclude Include="imgui\imconfig.h" />
    <ClInclude Include="imgui\imgui.h" />
    <ClInclude Include="imgui\imgui_impl_glfw_gl3.h" />
    <ClInclude Include="imgui\imgui_internal.h" />
    <ClInclude Include="imgui\stb_rect_pack.h" />
    <ClInclude Include="imgui\stb_textedit.h" />
    <ClInclude Include="imgui\stb_truetype.h" />
    <ClInclude Include="Gui\Gui.h" />
    <ClInclude Include="Gui\MemoryEditor.h" />
    <ClInclude Include="Gui\GuiMain.h" />
    <ClInclude Include="HLE\Kernel.h" />
    <ClInclude Include="HLE\E32std.h" />
  </ItemGroup>
</Project>