<?xml version="1.0" encoding="utf-8"?>
<Project ToolsVersion="4.0" xmlns="http://schemas.microsoft.com/developer/msbuild/2003">
  <ItemGroup>
    <Text Include="ReadMe.txt" />
  </ItemGroup>
  <ItemGroup>
    <ClCompile Include="Engemu.cpp" />
    <ClCompile Include="CPU\Decoder\Decoder_ARM.cpp" />
    <ClCompile Include="CPU\Decoder\Decoder_Thumb.cpp" />
    <ClCompile Include="CPU\Disassembler\Disassembler.cpp" />
    <ClCompile Include="CPU\CPU.cpp" />
  </ItemGroup>
  <ItemGroup>
    <ClInclude Include="CPU\Decoder\Decoder.h" />
    <ClInclude Include="CPU\Decoder\IR.h" />
    <ClInclude Include="CPU\Disassembler\Disassembler.h" />
    <ClInclude Include="CPU\CPU.h" />
    <ClInclude Include="CPU\Memory.h" />
    <ClInclude Include="CPU\Utils.h" />
    <ClInclude Include="Common.h" />
  </ItemGroup>
</Project>