<?xml version="1.0" encoding="utf-8"?>
<Project ToolsVersion="4.0" xmlns="http://schemas.microsoft.com/developer/msbuild/2003">
  <ItemGroup>
    <Text Include="ReadMe.txt" />
  </ItemGroup>
  <ItemGroup>
    <ClCompile Include="Engemu.cpp" />
    <ClCompile Include="Loader\E32ImageLoader.cpp" />
    <ClCompile Include="Loader\TRomImageLoader.cpp" />
    <ClCompile Include="Loader\Utils.cpp" />
    <ClCompile Include="imgui\imgui.cpp" />
    <ClCompile Include="imgui\imgui_demo.cpp" />
    <ClCompile Include="imgui\imgui_draw.cpp" />
    <ClCompile Include="imgui\imgui_impl_glfw_gl3.cpp" />
    <ClCompile Include="deps\gl3w.c" />
    <ClCompile Include="Gui\Gui.cpp" />
    <ClCompile Include="Gui\GuiMain.cpp" />
    <ClCompile Include="HLE\Kernel.cpp" />
    <ClCompile Include="Symbols\SymbolsManager.cpp" />
    <ClCompile Include="Gui\GuiMemory.cpp" />
    <ClCompile Include="HLE\TChar.cpp" />
    <ClCompile Include="Tests\CPU_Tests.cpp" />
    <ClCompile Include="Tests\Disassembler_ARM_Tests.cpp" />
    <ClCompile Include="Tests\Decoder_Tests.cpp" />
    <ClCompile Include="Tests\Disassembler_Thumb_Tests.cpp" />
    <ClCompile Include="CPU\Tharm\CPU.cpp" />
    <ClCompile Include="CPU\Tharm\CPU_ARM.cpp" />
    <ClCompile Include="CPU\Tharm\CPU_Thumb.cpp" />
    <ClCompile Include="CPU\Tharm\Decoder\Decoder_ARM.cpp" />
    <ClCompile Include="CPU\Tharm\Decoder\Decoder_Thumb.cpp" />
    <ClCompile Include="CPU\Tharm\Disassembler\Disassembler_ARM.cpp" />
    <ClCompile Include="CPU\Tharm\Disassembler\Disassembler_Thumb.cpp" />
  </ItemGroup>
  <ItemGroup>
    <ClInclude Include="Common.h" />
    <ClInclude Include="Loader\E32ImageLoader.h" />
    <ClInclude Include="Loader\TRomImageLoader.h" />
    <ClInclude Include="E32Image.h" />
    <ClInclude Include="E32Std.h" />
    <ClInclude Include="TRomImage.h" />
    <ClInclude Include="Loader\Utils.h" />
    <ClInclude Include="imgui\imconfig.h" />
    <ClInclude Include="imgui\imgui.h" />
    <ClInclude Include="imgui\imgui_impl_glfw_gl3.h" />
    <ClInclude Include="imgui\imgui_internal.h" />
    <ClInclude Include="imgui\stb_rect_pack.h" />
    <ClInclude Include="imgui\stb_textedit.h" />
    <ClInclude Include="imgui\stb_truetype.h" />
    <ClInclude Include="Gui\Gui.h" />
    <ClInclude Include="Gui\MemoryEditor.h" />
    <ClInclude Include="Gui\GuiMain.h" />
    <ClInclude Include="HLE\Kernel.h" />
    <ClInclude Include="HLE\E32std.h" />
    <ClInclude Include="Symbols\SymbolsManager.h" />
    <ClInclude Include="Gui\GuiMemory.h" />
    <ClInclude Include="Memory.h" />
    <ClInclude Include="Tests\TestMemory.h" />
    <ClInclude Include="CPU\Tharm\CPU.h" />
    <ClInclude Include="CPU\Tharm\Registers.h" />
    <ClInclude Include="CPU\Tharm\Utils.h" />
    <ClInclude Include="CPU\Tharm\Decoder\Decoder.h" />
    <ClInclude Include="CPU\Tharm\Disassembler\Disassembler.h" />
    <ClInclude Include="CPU\Tharm\Decoder\IR.h" />
  </ItemGroup>
  <ItemGroup>
    <None Include="Tests\simple_adc_tests.inc" />
    <None Include="Tests\cpu_test1_100.inc" />
    <None Include="Tests\cpu_test1_350.inc" />
  </ItemGroup>
</Project>